
Microsoft Visual Studio Solution File, Format Version 12.00
# Visual Studio Version 16
VisualStudioVersion = 16.0.31205.134
MinimumVisualStudioVersion = 10.0.40219.1
Project("{FAE04EC0-301F-11D3-BF4B-00C04F79EFBC}") = "EventHubSender", "EventHubSender\EventHubSender.csproj", "{CDAFB1A1-75AF-4B92-BFED-1A109C054CE6}"
EndProject
Global
	GlobalSection(SolutionConfigurationPlatforms) = preSolution
		Debug|Any CPU = Debug|Any CPU
		Release|Any CPU = Release|Any CPU
	EndGlobalSection
	GlobalSection(ProjectConfigurationPlatforms) = postSolution
		{CDAFB1A1-75AF-4B92-BFED-1A109C054CE6}.Debug|Any CPU.ActiveCfg = Debug|Any CPU
		{CDAFB1A1-75AF-4B92-BFED-1A109C054CE6}.Debug|Any CPU.Build.0 = Debug|Any CPU
		{CDAFB1A1-75AF-4B92-BFED-1A109C054CE6}.Release|Any CPU.ActiveCfg = Release|Any CPU
		{CDAFB1A1-75AF-4B92-BFED-1A109C054CE6}.Release|Any CPU.Build.0 = Release|Any CPU
	EndGlobalSection
	GlobalSection(SolutionProperties) = preSolution
		HideSolutionNode = FALSE
	EndGlobalSection
	GlobalSection(ExtensibilityGlobals) = postSolution
		SolutionGuid = {A9C30246-31F7-4A65-8367-470CDBD84565}
	EndGlobalSection
EndGlobal
